
Microsoft Visual Studio Solution File, Format Version 12.00
# Visual Studio Version 16
VisualStudioVersion = 16.0.30413.136
MinimumVisualStudioVersion = 10.0.40219.1
Project("{FAE04EC0-301F-11D3-BF4B-00C04F79EFBC}") = "NotificationPush.Android", "NotificationPush\NotificationPush.Android\NotificationPush.Android.csproj", "{5DC4B1F4-1637-41D4-8C23-BFF2FDA88D04}"
EndProject
Project("{FAE04EC0-301F-11D3-BF4B-00C04F79EFBC}") = "NotificationPush.iOS", "NotificationPush\NotificationPush.iOS\NotificationPush.iOS.csproj", "{A16C66DB-ED49-4AB7-AE18-050F9B442C2D}"
EndProject
Project("{FAE04EC0-301F-11D3-BF4B-00C04F79EFBC}") = "NotificationPush", "NotificationPush\NotificationPush\NotificationPush.csproj", "{C47D3E9C-2275-4AE1-ACAB-7F4343BDDFDD}"
EndProject
Global
	GlobalSection(SolutionConfigurationPlatforms) = preSolution
		Debug|Any CPU = Debug|Any CPU
		Debug|iPhone = Debug|iPhone
		Debug|iPhoneSimulator = Debug|iPhoneSimulator
		Release|Any CPU = Release|Any CPU
		Release|iPhone = Release|iPhone
		Release|iPhoneSimulator = Release|iPhoneSimulator
	EndGlobalSection
	GlobalSection(ProjectConfigurationPlatforms) = postSolution
		{5DC4B1F4-1637-41D4-8C23-BFF2FDA88D04}.Debug|Any CPU.ActiveCfg = Debug|Any CPU
		{5DC4B1F4-1637-41D4-8C23-BFF2FDA88D04}.Debug|Any CPU.Build.0 = Debug|Any CPU
		{5DC4B1F4-1637-41D4-8C23-BFF2FDA88D04}.Debug|Any CPU.Deploy.0 = Debug|Any CPU
		{5DC4B1F4-1637-41D4-8C23-BFF2FDA88D04}.Debug|iPhone.ActiveCfg = Debug|Any CPU
		{5DC4B1F4-1637-41D4-8C23-BFF2FDA88D04}.Debug|iPhone.Build.0 = Debug|Any CPU
		{5DC4B1F4-1637-41D4-8C23-BFF2FDA88D04}.Debug|iPhone.Deploy.0 = Debug|Any CPU
		{5DC4B1F4-1637-41D4-8C23-BFF2FDA88D04}.Debug|iPhoneSimulator.ActiveCfg = Debug|Any CPU
		{5DC4B1F4-1637-41D4-8C23-BFF2FDA88D04}.Debug|iPhoneSimulator.Build.0 = Debug|Any CPU
		{5DC4B1F4-1637-41D4-8C23-BFF2FDA88D04}.Debug|iPhoneSimulator.Deploy.0 = Debug|Any CPU
		{5DC4B1F4-1637-41D4-8C23-BFF2FDA88D04}.Release|Any CPU.ActiveCfg = Release|Any CPU
		{5DC4B1F4-1637-41D4-8C23-BFF2FDA88D04}.Release|Any CPU.Build.0 = Release|Any CPU
		{5DC4B1F4-1637-41D4-8C23-BFF2FDA88D04}.Release|Any CPU.Deploy.0 = Release|Any CPU
		{5DC4B1F4-1637-41D4-8C23-BFF2FDA88D04}.Release|iPhone.ActiveCfg = Release|Any CPU
		{5DC4B1F4-1637-41D4-8C23-BFF2FDA88D04}.Release|iPhone.Build.0 = Release|Any CPU
		{5DC4B1F4-1637-41D4-8C23-BFF2FDA88D04}.Release|iPhone.Deploy.0 = Release|Any CPU
		{5DC4B1F4-1637-41D4-8C23-BFF2FDA88D04}.Release|iPhoneSimulator.ActiveCfg = Release|Any CPU
		{5DC4B1F4-1637-41D4-8C23-BFF2FDA88D04}.Release|iPhoneSimulator.Build.0 = Release|Any CPU
		{5DC4B1F4-1637-41D4-8C23-BFF2FDA88D04}.Release|iPhoneSimulator.Deploy.0 = Release|Any CPU
		{A16C66DB-ED49-4AB7-AE18-050F9B442C2D}.Debug|Any CPU.ActiveCfg = Debug|iPhone
		{A16C66DB-ED49-4AB7-AE18-050F9B442C2D}.Debug|Any CPU.Build.0 = Debug|iPhone
		{A16C66DB-ED49-4AB7-AE18-050F9B442C2D}.Debug|Any CPU.Deploy.0 = Debug|iPhone
		{A16C66DB-ED49-4AB7-AE18-050F9B442C2D}.Debug|iPhone.ActiveCfg = Debug|iPhone
		{A16C66DB-ED49-4AB7-AE18-050F9B442C2D}.Debug|iPhone.Build.0 = Debug|iPhone
		{A16C66DB-ED49-4AB7-AE18-050F9B442C2D}.Debug|iPhone.Deploy.0 = Debug|iPhone
		{A16C66DB-ED49-4AB7-AE18-050F9B442C2D}.Debug|iPhoneSimulator.ActiveCfg = Debug|iPhoneSimulator
		{A16C66DB-ED49-4AB7-AE18-050F9B442C2D}.Debug|iPhoneSimulator.Build.0 = Debug|iPhoneSimulator
		{A16C66DB-ED49-4AB7-AE18-050F9B442C2D}.Debug|iPhoneSimulator.Deploy.0 = Debug|iPhoneSimulator
		{A16C66DB-ED49-4AB7-AE18-050F9B442C2D}.Release|Any CPU.ActiveCfg = Release|iPhone
		{A16C66DB-ED49-4AB7-AE18-050F9B442C2D}.Release|Any CPU.Build.0 = Release|iPhone
		{A16C66DB-ED49-4AB7-AE18-050F9B442C2D}.Release|Any CPU.Deploy.0 = Release|iPhone
		{A16C66DB-ED49-4AB7-AE18-050F9B442C2D}.Release|iPhone.ActiveCfg = Release|iPhone
		{A16C66DB-ED49-4AB7-AE18-050F9B442C2D}.Release|iPhone.Build.0 = Release|iPhone
		{A16C66DB-ED49-4AB7-AE18-050F9B442C2D}.Release|iPhone.Deploy.0 = Release|iPhone
		{A16C66DB-ED49-4AB7-AE18-050F9B442C2D}.Release|iPhoneSimulator.ActiveCfg = Release|iPhoneSimulator
		{A16C66DB-ED49-4AB7-AE18-050F9B442C2D}.Release|iPhoneSimulator.Build.0 = Release|iPhoneSimulator
		{A16C66DB-ED49-4AB7-AE18-050F9B442C2D}.Release|iPhoneSimulator.Deploy.0 = Release|iPhoneSimulator
		{C47D3E9C-2275-4AE1-ACAB-7F4343BDDFDD}.Debug|Any CPU.ActiveCfg = Debug|Any CPU
		{C47D3E9C-2275-4AE1-ACAB-7F4343BDDFDD}.Debug|Any CPU.Build.0 = Debug|Any CPU
		{C47D3E9C-2275-4AE1-ACAB-7F4343BDDFDD}.Debug|Any CPU.Deploy.0 = Debug|Any CPU
		{C47D3E9C-2275-4AE1-ACAB-7F4343BDDFDD}.Debug|iPhone.ActiveCfg = Debug|Any CPU
		{C47D3E9C-2275-4AE1-ACAB-7F4343BDDFDD}.Debug|iPhone.Build.0 = Debug|Any CPU
		{C47D3E9C-2275-4AE1-ACAB-7F4343BDDFDD}.Debug|iPhone.Deploy.0 = Debug|Any CPU
		{C47D3E9C-2275-4AE1-ACAB-7F4343BDDFDD}.Debug|iPhoneSimulator.ActiveCfg = Debug|Any CPU
		{C47D3E9C-2275-4AE1-ACAB-7F4343BDDFDD}.Debug|iPhoneSimulator.Build.0 = Debug|Any CPU
		{C47D3E9C-2275-4AE1-ACAB-7F4343BDDFDD}.Debug|iPhoneSimulator.Deploy.0 = Debug|Any CPU
		{C47D3E9C-2275-4AE1-ACAB-7F4343BDDFDD}.Release|Any CPU.ActiveCfg = Release|Any CPU
		{C47D3E9C-2275-4AE1-ACAB-7F4343BDDFDD}.Release|Any CPU.Build.0 = Release|Any CPU
		{C47D3E9C-2275-4AE1-ACAB-7F4343BDDFDD}.Release|Any CPU.Deploy.0 = Release|Any CPU
		{C47D3E9C-2275-4AE1-ACAB-7F4343BDDFDD}.Release|iPhone.ActiveCfg = Release|Any CPU
		{C47D3E9C-2275-4AE1-ACAB-7F4343BDDFDD}.Release|iPhone.Build.0 = Release|Any CPU
		{C47D3E9C-2275-4AE1-ACAB-7F4343BDDFDD}.Release|iPhone.Deploy.0 = Release|Any CPU
		{C47D3E9C-2275-4AE1-ACAB-7F4343BDDFDD}.Release|iPhoneSimulator.ActiveCfg = Release|Any CPU
		{C47D3E9C-2275-4AE1-ACAB-7F4343BDDFDD}.Release|iPhoneSimulator.Build.0 = Release|Any CPU
		{C47D3E9C-2275-4AE1-ACAB-7F4343BDDFDD}.Release|iPhoneSimulator.Deploy.0 = Release|Any CPU
	EndGlobalSection
	GlobalSection(SolutionProperties) = preSolution
		HideSolutionNode = FALSE
	EndGlobalSection
	GlobalSection(ExtensibilityGlobals) = postSolution
		SolutionGuid = {C5A8B886-1D72-4A34-B755-EF8C826E59A0}
	EndGlobalSection
EndGlobal
